
Microsoft Visual Studio Solution File, Format Version 12.00
# Visual Studio Version 16
VisualStudioVersion = 16.0.29519.87
MinimumVisualStudioVersion = 10.0.40219.1
Project("{8BC9CEB8-8B4A-11D0-8D11-00A0C91BC942}") = "threeeSum", "threeeSum\threeeSum.vcxproj", "{7BCC3125-B2B7-4C5F-A5FF-99E25F0C3B44}"
EndProject
Project("{8BC9CEB8-8B4A-11D0-8D11-00A0C91BC942}") = "ShuffleAnArray", "ShuffleAnArray\ShuffleAnArray.vcxproj", "{DFF33E74-6DB4-48EE-A782-7F1802081EE6}"
EndProject
Project("{8BC9CEB8-8B4A-11D0-8D11-00A0C91BC942}") = "HammingDistance", "HammingDistance\HammingDistance.vcxproj", "{80DB8490-4AF2-493F-87E0-E282D126443A}"
EndProject
Project("{8BC9CEB8-8B4A-11D0-8D11-00A0C91BC942}") = "CompilerLearning", "CompilerLearning\CompilerLearning.vcxproj", "{16903DBF-E2CC-4123-BAF5-863E0DDDFADF}"
EndProject
Project("{8BC9CEB8-8B4A-11D0-8D11-00A0C91BC942}") = "BuySellStock", "BuySellStock\BuySellStock.vcxproj", "{B6421DE0-FC58-4709-AA3A-01116B9BA3BE}"
EndProject
Project("{8BC9CEB8-8B4A-11D0-8D11-00A0C91BC942}") = "Virtual", "Virtual\Virtual.vcxproj", "{FF38C2D8-7E2A-4201-99E5-6D9BE206182E}"
EndProject
Project("{8BC9CEB8-8B4A-11D0-8D11-00A0C91BC942}") = "Namespace", "Namespace\Namespace.vcxproj", "{4344C3AB-16C7-4BA2-BAFE-D5023760F237}"
EndProject
Global
	GlobalSection(SolutionConfigurationPlatforms) = preSolution
		Debug|x64 = Debug|x64
		Debug|x86 = Debug|x86
		Release|x64 = Release|x64
		Release|x86 = Release|x86
	EndGlobalSection
	GlobalSection(ProjectConfigurationPlatforms) = postSolution
		{7BCC3125-B2B7-4C5F-A5FF-99E25F0C3B44}.Debug|x64.ActiveCfg = Debug|x64
		{7BCC3125-B2B7-4C5F-A5FF-99E25F0C3B44}.Debug|x64.Build.0 = Debug|x64
		{7BCC3125-B2B7-4C5F-A5FF-99E25F0C3B44}.Debug|x86.ActiveCfg = Debug|Win32
		{7BCC3125-B2B7-4C5F-A5FF-99E25F0C3B44}.Debug|x86.Build.0 = Debug|Win32
		{7BCC3125-B2B7-4C5F-A5FF-99E25F0C3B44}.Release|x64.ActiveCfg = Release|x64
		{7BCC3125-B2B7-4C5F-A5FF-99E25F0C3B44}.Release|x64.Build.0 = Release|x64
		{7BCC3125-B2B7-4C5F-A5FF-99E25F0C3B44}.Release|x86.ActiveCfg = Release|Win32
		{7BCC3125-B2B7-4C5F-A5FF-99E25F0C3B44}.Release|x86.Build.0 = Release|Win32
		{DFF33E74-6DB4-48EE-A782-7F1802081EE6}.Debug|x64.ActiveCfg = Debug|x64
		{DFF33E74-6DB4-48EE-A782-7F1802081EE6}.Debug|x64.Build.0 = Debug|x64
		{DFF33E74-6DB4-48EE-A782-7F1802081EE6}.Debug|x86.ActiveCfg = Debug|Win32
		{DFF33E74-6DB4-48EE-A782-7F1802081EE6}.Debug|x86.Build.0 = Debug|Win32
		{DFF33E74-6DB4-48EE-A782-7F1802081EE6}.Release|x64.ActiveCfg = Release|x64
		{DFF33E74-6DB4-48EE-A782-7F1802081EE6}.Release|x64.Build.0 = Release|x64
		{DFF33E74-6DB4-48EE-A782-7F1802081EE6}.Release|x86.ActiveCfg = Release|Win32
		{DFF33E74-6DB4-48EE-A782-7F1802081EE6}.Release|x86.Build.0 = Release|Win32
		{80DB8490-4AF2-493F-87E0-E282D126443A}.Debug|x64.ActiveCfg = Debug|x64
		{80DB8490-4AF2-493F-87E0-E282D126443A}.Debug|x64.Build.0 = Debug|x64
		{80DB8490-4AF2-493F-87E0-E282D126443A}.Debug|x86.ActiveCfg = Debug|Win32
		{80DB8490-4AF2-493F-87E0-E282D126443A}.Debug|x86.Build.0 = Debug|Win32
		{80DB8490-4AF2-493F-87E0-E282D126443A}.Release|x64.ActiveCfg = Release|x64
		{80DB8490-4AF2-493F-87E0-E282D126443A}.Release|x64.Build.0 = Release|x64
		{80DB8490-4AF2-493F-87E0-E282D126443A}.Release|x86.ActiveCfg = Release|Win32
		{80DB8490-4AF2-493F-87E0-E282D126443A}.Release|x86.Build.0 = Release|Win32
		{16903DBF-E2CC-4123-BAF5-863E0DDDFADF}.Debug|x64.ActiveCfg = Debug|x64
		{16903DBF-E2CC-4123-BAF5-863E0DDDFADF}.Debug|x64.Build.0 = Debug|x64
		{16903DBF-E2CC-4123-BAF5-863E0DDDFADF}.Debug|x86.ActiveCfg = Debug|Win32
		{16903DBF-E2CC-4123-BAF5-863E0DDDFADF}.Debug|x86.Build.0 = Debug|Win32
		{16903DBF-E2CC-4123-BAF5-863E0DDDFADF}.Release|x64.ActiveCfg = Release|x64
		{16903DBF-E2CC-4123-BAF5-863E0DDDFADF}.Release|x64.Build.0 = Release|x64
		{16903DBF-E2CC-4123-BAF5-863E0DDDFADF}.Release|x86.ActiveCfg = Release|Win32
		{16903DBF-E2CC-4123-BAF5-863E0DDDFADF}.Release|x86.Build.0 = Release|Win32
		{B6421DE0-FC58-4709-AA3A-01116B9BA3BE}.Debug|x64.ActiveCfg = Debug|x64
		{B6421DE0-FC58-4709-AA3A-01116B9BA3BE}.Debug|x64.Build.0 = Debug|x64
		{B6421DE0-FC58-4709-AA3A-01116B9BA3BE}.Debug|x86.ActiveCfg = Debug|Win32
		{B6421DE0-FC58-4709-AA3A-01116B9BA3BE}.Debug|x86.Build.0 = Debug|Win32
		{B6421DE0-FC58-4709-AA3A-01116B9BA3BE}.Release|x64.ActiveCfg = Release|x64
		{B6421DE0-FC58-4709-AA3A-01116B9BA3BE}.Release|x64.Build.0 = Release|x64
		{B6421DE0-FC58-4709-AA3A-01116B9BA3BE}.Release|x86.ActiveCfg = Release|Win32
		{B6421DE0-FC58-4709-AA3A-01116B9BA3BE}.Release|x86.Build.0 = Release|Win32
		{FF38C2D8-7E2A-4201-99E5-6D9BE206182E}.Debug|x64.ActiveCfg = Debug|x64
		{FF38C2D8-7E2A-4201-99E5-6D9BE206182E}.Debug|x64.Build.0 = Debug|x64
		{FF38C2D8-7E2A-4201-99E5-6D9BE206182E}.Debug|x86.ActiveCfg = Debug|Win32
		{FF38C2D8-7E2A-4201-99E5-6D9BE206182E}.Debug|x86.Build.0 = Debug|Win32
		{FF38C2D8-7E2A-4201-99E5-6D9BE206182E}.Release|x64.ActiveCfg = Release|x64
		{FF38C2D8-7E2A-4201-99E5-6D9BE206182E}.Release|x64.Build.0 = Release|x64
		{FF38C2D8-7E2A-4201-99E5-6D9BE206182E}.Release|x86.ActiveCfg = Release|Win32
		{FF38C2D8-7E2A-4201-99E5-6D9BE206182E}.Release|x86.Build.0 = Release|Win32
		{4344C3AB-16C7-4BA2-BAFE-D5023760F237}.Debug|x64.ActiveCfg = Debug|x64
		{4344C3AB-16C7-4BA2-BAFE-D5023760F237}.Debug|x64.Build.0 = Debug|x64
		{4344C3AB-16C7-4BA2-BAFE-D5023760F237}.Debug|x86.ActiveCfg = Debug|Win32
		{4344C3AB-16C7-4BA2-BAFE-D5023760F237}.Debug|x86.Build.0 = Debug|Win32
		{4344C3AB-16C7-4BA2-BAFE-D5023760F237}.Release|x64.ActiveCfg = Release|x64
		{4344C3AB-16C7-4BA2-BAFE-D5023760F237}.Release|x64.Build.0 = Release|x64
		{4344C3AB-16C7-4BA2-BAFE-D5023760F237}.Release|x86.ActiveCfg = Release|Win32
		{4344C3AB-16C7-4BA2-BAFE-D5023760F237}.Release|x86.Build.0 = Release|Win32
	EndGlobalSection
	GlobalSection(SolutionProperties) = preSolution
		HideSolutionNode = FALSE
	EndGlobalSection
	GlobalSection(ExtensibilityGlobals) = postSolution
		SolutionGuid = {10917407-B204-4FEE-A574-8C3A77758BBE}
	EndGlobalSection
EndGlobal
